PODS:
  - OCMock (3.1.2)
  - SSAppURLs (0.1.0)
  - SSDataSources (0.8.2)

DEPENDENCIES:
  - OCMock
  - SSAppURLs (from `../`)
  - SSDataSources

EXTERNAL SOURCES:
  SSAppURLs:
    :path: ../

SPEC CHECKSUMS:
  OCMock: ecdd510b73ef397f2f97274785c1e87fd147c49f
  SSAppURLs: 945572b74ae04e27522a58f144967715e2fcd7a6
  SSDataSources: c10e97d83d93332a303604717fe683ffd3298cd8

COCOAPODS: 0.36.0
