// !$*UTF8*$!
{
	archiveVersion = 1;
	classes = {
	};
	objectVersion = 46;
	objects = {

/* Begin PBXBuildFile section */
		2B32CEB7AF974CB1A9B486A5 /* libPods.a in Frameworks */ = {isa = PBXBuildFile; fileRef = E61A507CFD9840139C96A247 /* libPods.a */; };
		5E942B7717CAA5B700D24A65 /* UIKit.framework in Frameworks */ = {isa = PBXBuildFile; fileRef = 5E942B7617CAA5B700D24A65 /* UIKit.framework */; };
		5E942B7917CAA5B700D24A65 /* Foundation.framework in Frameworks */ = {isa = PBXBuildFile; fileRef = 5E942B7817CAA5B700D24A65 /* Foundation.framework */; };
		5E942B7B17CAA5B700D24A65 /* CoreGraphics.framework in Frameworks */ = {isa = PBXBuildFile; fileRef = 5E942B7A17CAA5B700D24A65 /* CoreGraphics.framework */; };
		5E942B8117CAA5B700D24A65 /* InfoPlist.strings in Resources */ = {isa = PBXBuildFile; fileRef = 5E942B7F17CAA5B700D24A65 /* InfoPlist.strings */; };
		5E942B8317CAA5B700D24A65 /* main.m in Sources */ = {isa = PBXBuildFile; fileRef = 5E942B8217CAA5B700D24A65 /* main.m */; };
		5E942B8717CAA5B700D24A65 /* SSAppDelegate.m in Sources */ = {isa = PBXBuildFile; fileRef = 5E942B8617CAA5B700D24A65 /* SSAppDelegate.m */; };
		5E942B8917CAA5B700D24A65 /* Default.png in Resources */ = {isa = PBXBuildFile; fileRef = 5E942B8817CAA5B700D24A65 /* Default.png */; };
		5E942B8B17CAA5B700D24A65 /* Default@2x.png in Resources */ = {isa = PBXBuildFile; fileRef = 5E942B8A17CAA5B700D24A65 /* Default@2x.png */; };
		5E942B8D17CAA5B700D24A65 /* Default-568h@2x.png in Resources */ = {isa = PBXBuildFile; fileRef = 5E942B8C17CAA5B700D24A65 /* Default-568h@2x.png */; };
		5E942B9017CAA5B700D24A65 /* SSViewController.m in Sources */ = {isa = PBXBuildFile; fileRef = 5E942B8F17CAA5B700D24A65 /* SSViewController.m */; };
		5E98111E19625B3000195303 /* XCTest.framework in Frameworks */ = {isa = PBXBuildFile; fileRef = 5E98111D19625B3000195303 /* XCTest.framework */; };
		5E98111F19625B3000195303 /* Foundation.framework in Frameworks */ = {isa = PBXBuildFile; fileRef = 5E942B7817CAA5B700D24A65 /* Foundation.framework */; };
		5E98112019625B3000195303 /* UIKit.framework in Frameworks */ = {isa = PBXBuildFile; fileRef = 5E942B7617CAA5B700D24A65 /* UIKit.framework */; };
		5E98112619625B3000195303 /* InfoPlist.strings in Resources */ = {isa = PBXBuildFile; fileRef = 5E98112419625B3000195303 /* InfoPlist.strings */; };
		5E98112819625B3000195303 /* SSAppURLsTests.m in Sources */ = {isa = PBXBuildFile; fileRef = 5E98112719625B3000195303 /* SSAppURLsTests.m */; };
		D194DBCB573847D7AF002105 /* libPods-SSAppURLsTests.a in Frameworks */ = {isa = PBXBuildFile; fileRef = F4B8374C3FE74D60A054D022 /* libPods-SSAppURLsTests.a */; };
/* End PBXBuildFile section */

/* Begin PBXContainerItemProxy section */
		5E98112A19625B3000195303 /* PBXContainerItemProxy */ = {
			isa = PBXContainerItemProxy;
			containerPortal = 5E942B6B17CAA5B700D24A65 /* Project object */;
			proxyType = 1;
			remoteGlobalIDString = 5E942B7217CAA5B700D24A65;
			remoteInfo = SSAppURLsExample;
		};
/* End PBXContainerItemProxy section */

/* Begin PBXFileReference section */
		1CFBE2487C6B43FD864117C7 /* Pods.xcconfig */ = {isa = PBXFileReference; includeInIndex = 1; lastKnownFileType = text.xcconfig; name = Pods.xcconfig; path = Pods/Pods.xcconfig; sourceTree = SOURCE_ROOT; };
		2FEB18A9D55A4EB28C8C9590 /* Pods-SSAppURLsTests.xcconfig */ = {isa = PBXFileReference; includeInIndex = 1; lastKnownFileType = text.xcconfig; name = "Pods-SSAppURLsTests.xcconfig"; path = "Pods/Pods-SSAppURLsTests.xcconfig"; sourceTree = "<group>"; };
		5E942B7317CAA5B700D24A65 /* SSAppURLsExample.app */ = {isa = PBXFileReference; explicitFileType = wrapper.application; includeInIndex = 0; path = SSAppURLsExample.app; sourceTree = BUILT_PRODUCTS_DIR; };
		5E942B7617CAA5B700D24A65 /* UIKit.framework */ = {isa = PBXFileReference; lastKnownFileType = wrapper.framework; name = UIKit.framework; path = System/Library/Frameworks/UIKit.framework; sourceTree = SDKROOT; };
		5E942B7817CAA5B700D24A65 /* Foundation.framework */ = {isa = PBXFileReference; lastKnownFileType = wrapper.framework; name = Foundation.framework; path = System/Library/Frameworks/Foundation.framework; sourceTree = SDKROOT; };
		5E942B7A17CAA5B700D24A65 /* CoreGraphics.framework */ = {isa = PBXFileReference; lastKnownFileType = wrapper.framework; name = CoreGraphics.framework; path = System/Library/Frameworks/CoreGraphics.framework; sourceTree = SDKROOT; };
		5E942B7E17CAA5B700D24A65 /* SSAppURLsExample-Info.plist */ = {isa = PBXFileReference; lastKnownFileType = text.plist.xml; path = "SSAppURLsExample-Info.plist"; sourceTree = "<group>"; };
		5E942B8017CAA5B700D24A65 /* en */ = {isa = PBXFileReference; lastKnownFileType = text.plist.strings; name = en; path = en.lproj/InfoPlist.strings; sourceTree = "<group>"; };
		5E942B8217CAA5B700D24A65 /* main.m */ = {isa = PBXFileReference; lastKnownFileType = sourcecode.c.objc; path = main.m; sourceTree = "<group>"; };
		5E942B8417CAA5B700D24A65 /* SSAppURLsExample-Prefix.pch */ = {isa = PBXFileReference; lastKnownFileType = sourcecode.c.h; path = "SSAppURLsExample-Prefix.pch"; sourceTree = "<group>"; };
		5E942B8517CAA5B700D24A65 /* SSAppDelegate.h */ = {isa = PBXFileReference; lastKnownFileType = sourcecode.c.h; path = SSAppDelegate.h; sourceTree = "<group>"; };
		5E942B8617CAA5B700D24A65 /* SSAppDelegate.m */ = {isa = PBXFileReference; lastKnownFileType = sourcecode.c.objc; path = SSAppDelegate.m; sourceTree = "<group>"; };
		5E942B8817CAA5B700D24A65 /* Default.png */ = {isa = PBXFileReference; lastKnownFileType = image.png; path = Default.png; sourceTree = "<group>"; };
		5E942B8A17CAA5B700D24A65 /* Default@2x.png */ = {isa = PBXFileReference; lastKnownFileType = image.png; path = "Default@2x.png"; sourceTree = "<group>"; };
		5E942B8C17CAA5B700D24A65 /* Default-568h@2x.png */ = {isa = PBXFileReference; lastKnownFileType = image.png; path = "Default-568h@2x.png"; sourceTree = "<group>"; };
		5E942B8E17CAA5B700D24A65 /* SSViewController.h */ = {isa = PBXFileReference; lastKnownFileType = sourcecode.c.h; path = SSViewController.h; sourceTree = "<group>"; };
		5E942B8F17CAA5B700D24A65 /* SSViewController.m */ = {isa = PBXFileReference; lastKnownFileType = sourcecode.c.objc; path = SSViewController.m; sourceTree = "<group>"; };
		5E98111C19625B3000195303 /* SSAppURLsTests.xctest */ = {isa = PBXFileReference; explicitFileType = wrapper.cfbundle; includeInIndex = 0; path = SSAppURLsTests.xctest; sourceTree = BUILT_PRODUCTS_DIR; };
		5E98111D19625B3000195303 /* XCTest.framework */ = {isa = PBXFileReference; lastKnownFileType = wrapper.framework; name = XCTest.framework; path = Library/Frameworks/XCTest.framework; sourceTree = DEVELOPER_DIR; };
		5E98112319625B3000195303 /* SSAppURLsTests-Info.plist */ = {isa = PBXFileReference; lastKnownFileType = text.plist.xml; path = "SSAppURLsTests-Info.plist"; sourceTree = "<group>"; };
		5E98112519625B3000195303 /* en */ = {isa = PBXFileReference; lastKnownFileType = text.plist.strings; name = en; path = en.lproj/InfoPlist.strings; sourceTree = "<group>"; };
		5E98112719625B3000195303 /* SSAppURLsTests.m */ = {isa = PBXFileReference; lastKnownFileType = sourcecode.c.objc; path = SSAppURLsTests.m; sourceTree = "<group>"; };
		5E98112919625B3000195303 /* SSAppURLsTests-Prefix.pch */ = {isa = PBXFileReference; lastKnownFileType = sourcecode.c.h; path = "SSAppURLsTests-Prefix.pch"; sourceTree = "<group>"; };
		E61A507CFD9840139C96A247 /* libPods.a */ = {isa = PBXFileReference; explicitFileType = archive.ar; includeInIndex = 0; path = libPods.a; sourceTree = BUILT_PRODUCTS_DIR; };
		F4B8374C3FE74D60A054D022 /* libPods-SSAppURLsTests.a */ = {isa = PBXFileReference; explicitFileType = archive.ar; includeInIndex = 0; path = "libPods-SSAppURLsTests.a"; sourceTree = BUILT_PRODUCTS_DIR; };
/* End PBXFileReference section */

/* Begin PBXFrameworksBuildPhase section */
		5E942B7017CAA5B700D24A65 /* Frameworks */ = {
			isa = PBXFrameworksBuildPhase;
			buildActionMask = 2147483647;
			files = (
				5E942B7717CAA5B700D24A65 /* UIKit.framework in Frameworks */,
				5E942B7917CAA5B700D24A65 /* Foundation.framework in Frameworks */,
				5E942B7B17CAA5B700D24A65 /* CoreGraphics.framework in Frameworks */,
				2B32CEB7AF974CB1A9B486A5 /* libPods.a in Frameworks */,
			);
			runOnlyForDeploymentPostprocessing = 0;
		};
		5E98111919625B3000195303 /* Frameworks */ = {
			isa = PBXFrameworksBuildPhase;
			buildActionMask = 2147483647;
			files = (
				5E98111E19625B3000195303 /* XCTest.framework in Frameworks */,
				5E98112019625B3000195303 /* UIKit.framework in Frameworks */,
				5E98111F19625B3000195303 /* Foundation.framework in Frameworks */,
				D194DBCB573847D7AF002105 /* libPods-SSAppURLsTests.a in Frameworks */,
			);
			runOnlyForDeploymentPostprocessing = 0;
		};
/* End PBXFrameworksBuildPhase section */

/* Begin PBXGroup section */
		5E942B6A17CAA5B700D24A65 = {
			isa = PBXGroup;
			children = (
				5E942B7C17CAA5B700D24A65 /* SSAppURLsExample */,
				5E98112119625B3000195303 /* SSAppURLsTests */,
				5E942B7517CAA5B700D24A65 /* Frameworks */,
				5E942B7417CAA5B700D24A65 /* Products */,
				1CFBE2487C6B43FD864117C7 /* Pods.xcconfig */,
				2FEB18A9D55A4EB28C8C9590 /* Pods-SSAppURLsTests.xcconfig */,
			);
			sourceTree = "<group>";
		};
		5E942B7417CAA5B700D24A65 /* Products */ = {
			isa = PBXGroup;
			children = (
				5E942B7317CAA5B700D24A65 /* SSAppURLsExample.app */,
				5E98111C19625B3000195303 /* SSAppURLsTests.xctest */,
			);
			name = Products;
			sourceTree = "<group>";
		};
		5E942B7517CAA5B700D24A65 /* Frameworks */ = {
			isa = PBXGroup;
			children = (
				5E942B7617CAA5B700D24A65 /* UIKit.framework */,
				5E942B7817CAA5B700D24A65 /* Foundation.framework */,
				5E942B7A17CAA5B700D24A65 /* CoreGraphics.framework */,
				E61A507CFD9840139C96A247 /* libPods.a */,
				5E98111D19625B3000195303 /* XCTest.framework */,
				F4B8374C3FE74D60A054D022 /* libPods-SSAppURLsTests.a */,
			);
			name = Frameworks;
			sourceTree = "<group>";
		};
		5E942B7C17CAA5B700D24A65 /* SSAppURLsExample */ = {
			isa = PBXGroup;
			children = (
				5E942B8517CAA5B700D24A65 /* SSAppDelegate.h */,
				5E942B8617CAA5B700D24A65 /* SSAppDelegate.m */,
				5E942B8E17CAA5B700D24A65 /* SSViewController.h */,
				5E942B8F17CAA5B700D24A65 /* SSViewController.m */,
				5E942B7D17CAA5B700D24A65 /* Supporting Files */,
			);
			path = SSAppURLsExample;
			sourceTree = "<group>";
		};
		5E942B7D17CAA5B700D24A65 /* Supporting Files */ = {
			isa = PBXGroup;
			children = (
				5E942B7E17CAA5B700D24A65 /* SSAppURLsExample-Info.plist */,
				5E942B7F17CAA5B700D24A65 /* InfoPlist.strings */,
				5E942B8217CAA5B700D24A65 /* main.m */,
				5E942B8417CAA5B700D24A65 /* SSAppURLsExample-Prefix.pch */,
				5E942B8817CAA5B700D24A65 /* Default.png */,
				5E942B8A17CAA5B700D24A65 /* Default@2x.png */,
				5E942B8C17CAA5B700D24A65 /* Default-568h@2x.png */,
			);
			name = "Supporting Files";
			sourceTree = "<group>";
		};
		5E98112119625B3000195303 /* SSAppURLsTests */ = {
			isa = PBXGroup;
			children = (
				5E98112719625B3000195303 /* SSAppURLsTests.m */,
				5E98112219625B3000195303 /* Supporting Files */,
			);
			path = SSAppURLsTests;
			sourceTree = "<group>";
		};
		5E98112219625B3000195303 /* Supporting Files */ = {
			isa = PBXGroup;
			children = (
				5E98112319625B3000195303 /* SSAppURLsTests-Info.plist */,
				5E98112419625B3000195303 /* InfoPlist.strings */,
				5E98112919625B3000195303 /* SSAppURLsTests-Prefix.pch */,
			);
			name = "Supporting Files";
			sourceTree = "<group>";
		};
/* End PBXGroup section */

/* Begin PBXNativeTarget section */
		5E942B7217CAA5B700D24A65 /* SSAppURLsExample */ = {
			isa = PBXNativeTarget;
			buildConfigurationList = 5E942B9917CAA5B700D24A65 /* Build configuration list for PBXNativeTarget "SSAppURLsExample" */;
			buildPhases = (
				FC18A5883D7547BA98E5609D /* Check Pods Manifest.lock */,
				5E942B6F17CAA5B700D24A65 /* Sources */,
				5E942B7017CAA5B700D24A65 /* Frameworks */,
				5E942B7117CAA5B700D24A65 /* Resources */,
				0F6DE7AF6F164415B5A29320 /* Copy Pods Resources */,
			);
			buildRules = (
			);
			dependencies = (
			);
			name = SSAppURLsExample;
			productName = SSAppURLsExample;
			productReference = 5E942B7317CAA5B700D24A65 /* SSAppURLsExample.app */;
			productType = "com.apple.product-type.application";
		};
		5E98111B19625B3000195303 /* SSAppURLsTests */ = {
			isa = PBXNativeTarget;
			buildConfigurationList = 5E98112E19625B3000195303 /* Build configuration list for PBXNativeTarget "SSAppURLsTests" */;
			buildPhases = (
				8AE7214F6BA64CADBDAFF56D /* Check Pods Manifest.lock */,
				5E98111819625B3000195303 /* Sources */,
				5E98111919625B3000195303 /* Frameworks */,
				5E98111A19625B3000195303 /* Resources */,
				1BDCB16A69404476880EBD42 /* Copy Pods Resources */,
			);
			buildRules = (
			);
			dependencies = (
				5E98112B19625B3000195303 /* PBXTargetDependency */,
			);
			name = SSAppURLsTests;
			productName = SSAppURLsTests;
			productReference = 5E98111C19625B3000195303 /* SSAppURLsTests.xctest */;
			productType = "com.apple.product-type.bundle.unit-test";
		};
/* End PBXNativeTarget section */

/* Begin PBXProject section */
		5E942B6B17CAA5B700D24A65 /* Project object */ = {
			isa = PBXProject;
			attributes = {
				CLASSPREFIX = SS;
				LastUpgradeCheck = 0460;
				ORGANIZATIONNAME = Splinesoft;
				TargetAttributes = {
					5E98111B19625B3000195303 = {
						TestTargetID = 5E942B7217CAA5B700D24A65;
					};
				};
			};
			buildConfigurationList = 5E942B6E17CAA5B700D24A65 /* Build configuration list for PBXProject "SSAppURLsExample" */;
			compatibilityVersion = "Xcode 3.2";
			developmentRegion = English;
			hasScannedForEncodings = 0;
			knownRegions = (
				en,
			);
			mainGroup = 5E942B6A17CAA5B700D24A65;
			productRefGroup = 5E942B7417CAA5B700D24A65 /* Products */;
			projectDirPath = "";
			projectRoot = "";
			targets = (
				5E942B7217CAA5B700D24A65 /* SSAppURLsExample */,
				5E98111B19625B3000195303 /* SSAppURLsTests */,
			);
		};
/* End PBXProject section */

/* Begin PBXResourcesBuildPhase section */
		5E942B7117CAA5B700D24A65 /* Resources */ = {
			isa = PBXResourcesBuildPhase;
			buildActionMask = 2147483647;
			files = (
				5E942B8117CAA5B700D24A65 /* InfoPlist.strings in Resources */,
				5E942B8917CAA5B700D24A65 /* Default.png in Resources */,
				5E942B8B17CAA5B700D24A65 /* Default@2x.png in Resources */,
				5E942B8D17CAA5B700D24A65 /* Default-568h@2x.png in Resources */,
			);
			runOnlyForDeploymentPostprocessing = 0;
		};
		5E98111A19625B3000195303 /* Resources */ = {
			isa = PBXResourcesBuildPhase;
			buildActionMask = 2147483647;
			files = (
				5E98112619625B3000195303 /* InfoPlist.strings in Resources */,
			);
			runOnlyForDeploymentPostprocessing = 0;
		};
/* End PBXResourcesBuildPhase section */

/* Begin PBXShellScriptBuildPhase section */
		0F6DE7AF6F164415B5A29320 /* Copy Pods Resources */ = {
			isa = PBXShellScriptBuildPhase;
			buildActionMask = 2147483647;
			files = (
			);
			inputPaths = (
			);
			name = "Copy Pods Resources";
			outputPaths = (
			);
			runOnlyForDeploymentPostprocessing = 0;
			shellPath = /bin/sh;
			shellScript = "\"${SRCROOT}/Pods/Pods-resources.sh\"\n";
			showEnvVarsInLog = 0;
		};
		1BDCB16A69404476880EBD42 /* Copy Pods Resources */ = {
			isa = PBXShellScriptBuildPhase;
			buildActionMask = 2147483647;
			files = (
			);
			inputPaths = (
			);
			name = "Copy Pods Resources";
			outputPaths = (
			);
			runOnlyForDeploymentPostprocessing = 0;
			shellPath = /bin/sh;
			shellScript = "\"${SRCROOT}/Pods/Pods-SSAppURLsTests-resources.sh\"\n";
			showEnvVarsInLog = 0;
		};
		8AE7214F6BA64CADBDAFF56D /* Check Pods Manifest.lock */ = {
			isa = PBXShellScriptBuildPhase;
			buildActionMask = 2147483647;
			files = (
			);
			inputPaths = (
			);
			name = "Check Pods Manifest.lock";
			outputPaths = (
			);
			runOnlyForDeploymentPostprocessing = 0;
			shellPath = /bin/sh;
			shellScript = "diff \"${PODS_ROOT}/../Podfile.lock\" \"${PODS_ROOT}/Manifest.lock\" > /dev/null\nif [[ $? != 0 ]] ; then\n    cat << EOM\nerror: The sandbox is not in sync with the Podfile.lock. Run 'pod install' or update your CocoaPods installation.\nEOM\n    exit 1\nfi\n";
			showEnvVarsInLog = 0;
		};
		FC18A5883D7547BA98E5609D /* Check Pods Manifest.lock */ = {
			isa = PBXShellScriptBuildPhase;
			buildActionMask = 2147483647;
			files = (
			);
			inputPaths = (
			);
			name = "Check Pods Manifest.lock";
			outputPaths = (
			);
			runOnlyForDeploymentPostprocessing = 0;
			shellPath = /bin/sh;
			shellScript = "diff \"${PODS_ROOT}/../Podfile.lock\" \"${PODS_ROOT}/Manifest.lock\" > /dev/null\nif [[ $? != 0 ]] ; then\n    cat << EOM\nerror: The sandbox is not in sync with the Podfile.lock. Run 'pod install' or update your CocoaPods installation.\nEOM\n    exit 1\nfi\n";
			showEnvVarsInLog = 0;
		};
/* End PBXShellScriptBuildPhase section */

/* Begin PBXSourcesBuildPhase section */
		5E942B6F17CAA5B700D24A65 /* Sources */ = {
			isa = PBXSourcesBuildPhase;
			buildActionMask = 2147483647;
			files = (
				5E942B8317CAA5B700D24A65 /* main.m in Sources */,
				5E942B8717CAA5B700D24A65 /* SSAppDelegate.m in Sources */,
				5E942B9017CAA5B700D24A65 /* SSViewController.m in Sources */,
			);
			runOnlyForDeploymentPostprocessing = 0;
		};
		5E98111819625B3000195303 /* Sources */ = {
			isa = PBXSourcesBuildPhase;
			buildActionMask = 2147483647;
			files = (
				5E98112819625B3000195303 /* SSAppURLsTests.m in Sources */,
			);
			runOnlyForDeploymentPostprocessing = 0;
		};
/* End PBXSourcesBuildPhase section */

/* Begin PBXTargetDependency section */
		5E98112B19625B3000195303 /* PBXTargetDependency */ = {
			isa = PBXTargetDependency;
			target = 5E942B7217CAA5B700D24A65 /* SSAppURLsExample */;
			targetProxy = 5E98112A19625B3000195303 /* PBXContainerItemProxy */;
		};
/* End PBXTargetDependency section */

/* Begin PBXVariantGroup section */
		5E942B7F17CAA5B700D24A65 /* InfoPlist.strings */ = {
			isa = PBXVariantGroup;
			children = (
				5E942B8017CAA5B700D24A65 /* en */,
			);
			name = InfoPlist.strings;
			sourceTree = "<group>";
		};
		5E98112419625B3000195303 /* InfoPlist.strings */ = {
			isa = PBXVariantGroup;
			children = (
				5E98112519625B3000195303 /* en */,
			);
			name = InfoPlist.strings;
			sourceTree = "<group>";
		};
/* End PBXVariantGroup section */

/* Begin XCBuildConfiguration section */
		5E942B9717CAA5B700D24A65 /* Debug */ = {
			isa = XCBuildConfiguration;
			buildSettings = {
				ALWAYS_SEARCH_USER_PATHS = NO;
				CLANG_CXX_LANGUAGE_STANDARD = "gnu++0x";
				CLANG_CXX_LIBRARY = "libc++";
				CLANG_ENABLE_OBJC_ARC = YES;
				CLANG_WARN_CONSTANT_CONVERSION = YES;
				CLANG_WARN_EMPTY_BODY = YES;
				CLANG_WARN_ENUM_CONVERSION = YES;
				CLANG_WARN_INT_CONVERSION = YES;
				CLANG_WARN__DUPLICATE_METHOD_MATCH = YES;
				"CODE_SIGN_IDENTITY[sdk=iphoneos*]" = "iPhone Developer";
				COPY_PHASE_STRIP = NO;
				GCC_C_LANGUAGE_STANDARD = gnu99;
				GCC_DYNAMIC_NO_PIC = NO;
				GCC_OPTIMIZATION_LEVEL = 0;
				GCC_PREPROCESSOR_DEFINITIONS = (
					"DEBUG=1",
					"$(inherited)",
				);
				GCC_SYMBOLS_PRIVATE_EXTERN = NO;
				GCC_WARN_ABOUT_RETURN_TYPE = YES;
				GCC_WARN_UNINITIALIZED_AUTOS = YES;
				GCC_WARN_UNUSED_VARIABLE = YES;
				IPHONEOS_DEPLOYMENT_TARGET = 6.1;
				ONLY_ACTIVE_ARCH = YES;
				SDKROOT = iphoneos;
				TARGETED_DEVICE_FAMILY = "1,2";
			};
			name = Debug;
		};
		5E942B9817CAA5B700D24A65 /* Release */ = {
			isa = XCBuildConfiguration;
			buildSettings = {
				ALWAYS_SEARCH_USER_PATHS = NO;
				CLANG_CXX_LANGUAGE_STANDARD = "gnu++0x";
				CLANG_CXX_LIBRARY = "libc++";
				CLANG_ENABLE_OBJC_ARC = YES;
				CLANG_WARN_CONSTANT_CONVERSION = YES;
				CLANG_WARN_EMPTY_BODY = YES;
				CLANG_WARN_ENUM_CONVERSION = YES;
				CLANG_WARN_INT_CONVERSION = YES;
				CLANG_WARN__DUPLICATE_METHOD_MATCH = YES;
				"CODE_SIGN_IDENTITY[sdk=iphoneos*]" = "iPhone Developer";
				COPY_PHASE_STRIP = YES;
				GCC_C_LANGUAGE_STANDARD = gnu99;
				GCC_WARN_ABOUT_RETURN_TYPE = YES;
				GCC_WARN_UNINITIALIZED_AUTOS = YES;
				GCC_WARN_UNUSED_VARIABLE = YES;
				IPHONEOS_DEPLOYMENT_TARGET = 6.1;
				OTHER_CFLAGS = "-DNS_BLOCK_ASSERTIONS=1";
				SDKROOT = iphoneos;
				TARGETED_DEVICE_FAMILY = "1,2";
				VALIDATE_PRODUCT = YES;
			};
			name = Release;
		};
		5E942B9A17CAA5B700D24A65 /* Debug */ = {
			isa = XCBuildConfiguration;
			baseConfigurationReference = 1CFBE2487C6B43FD864117C7 /* Pods.xcconfig */;
			buildSettings = {
				CLANG_ANALYZER_SECURITY_FLOATLOOPCOUNTER = YES;
				CLANG_ANALYZER_SECURITY_INSECUREAPI_RAND = YES;
				CLANG_ANALYZER_SECURITY_INSECUREAPI_STRCPY = YES;
				CLANG_WARN_CXX0X_EXTENSIONS = YES;
				CLANG_WARN_DEPRECATED_OBJC_IMPLEMENTATIONS = YES;
				CLANG_WARN_DOCUMENTATION_COMMENTS = YES;
				CLANG_WARN_IMPLICIT_SIGN_CONVERSION = YES;
				CLANG_WARN_OBJC_EXPLICIT_OWNERSHIP_TYPE = YES;
				CLANG_WARN_OBJC_IMPLICIT_ATOMIC_PROPERTIES = YES;
				CLANG_WARN_OBJC_IMPLICIT_RETAIN_SELF = YES;
				CLANG_WARN_OBJC_RECEIVER_WEAK = YES;
				CLANG_WARN_OBJC_REPEATED_USE_OF_WEAK = YES;
				CLANG_WARN_SUSPICIOUS_IMPLICIT_CONVERSION = YES;
				CLANG_WARN__EXIT_TIME_DESTRUCTORS = YES;
				GCC_PRECOMPILE_PREFIX_HEADER = YES;
				GCC_PREFIX_HEADER = "SSAppURLsExample/SSAppURLsExample-Prefix.pch";
				GCC_TREAT_IMPLICIT_FUNCTION_DECLARATIONS_AS_ERRORS = YES;
				GCC_TREAT_INCOMPATIBLE_POINTER_TYPE_WARNINGS_AS_ERRORS = YES;
				GCC_WARN_64_TO_32_BIT_CONVERSION = YES;
				GCC_WARN_ABOUT_MISSING_FIELD_INITIALIZERS = YES;
				GCC_WARN_ABOUT_MISSING_NEWLINE = YES;
				GCC_WARN_ABOUT_MISSING_PROTOTYPES = YES;
				GCC_WARN_FOUR_CHARACTER_CONSTANTS = YES;
				GCC_WARN_HIDDEN_VIRTUAL_FUNCTIONS = YES;
				GCC_WARN_INITIALIZER_NOT_FULLY_BRACKETED = YES;
				GCC_WARN_MULTIPLE_DEFINITION_TYPES_FOR_SELECTOR = YES;
				GCC_WARN_NON_VIRTUAL_DESTRUCTOR = YES;
				GCC_WARN_SHADOW = YES;
				GCC_WARN_SIGN_COMPARE = YES;
				GCC_WARN_STRICT_SELECTOR_MATCH = YES;
				GCC_WARN_UNDECLARED_SELECTOR = YES;
				GCC_WARN_UNKNOWN_PRAGMAS = YES;
				GCC_WARN_UNUSED_FUNCTION = YES;
				GCC_WARN_UNUSED_LABEL = YES;
				INFOPLIST_FILE = "SSAppURLsExample/SSAppURLsExample-Info.plist";
				PRODUCT_NAME = "$(TARGET_NAME)";
				RUN_CLANG_STATIC_ANALYZER = YES;
				WRAPPER_EXTENSION = app;
			};
			name = Debug;
		};
		5E942B9B17CAA5B700D24A65 /* Release */ = {
			isa = XCBuildConfiguration;
			baseConfigurationReference = 1CFBE2487C6B43FD864117C7 /* Pods.xcconfig */;
			buildSettings = {
				CLANG_ANALYZER_SECURITY_FLOATLOOPCOUNTER = YES;
				CLANG_ANALYZER_SECURITY_INSECUREAPI_RAND = YES;
				CLANG_ANALYZER_SECURITY_INSECUREAPI_STRCPY = YES;
				CLANG_WARN_CXX0X_EXTENSIONS = YES;
				CLANG_WARN_DEPRECATED_OBJC_IMPLEMENTATIONS = YES;
				CLANG_WARN_DOCUMENTATION_COMMENTS = YES;
				CLANG_WARN_IMPLICIT_SIGN_CONVERSION = YES;
				CLANG_WARN_OBJC_EXPLICIT_OWNERSHIP_TYPE = YES;
				CLANG_WARN_OBJC_IMPLICIT_ATOMIC_PROPERTIES = YES;
				CLANG_WARN_OBJC_IMPLICIT_RETAIN_SELF = YES;
				CLANG_WARN_OBJC_RECEIVER_WEAK = YES;
				CLANG_WARN_OBJC_REPEATED_USE_OF_WEAK = YES;
				CLANG_WARN_SUSPICIOUS_IMPLICIT_CONVERSION = YES;
				CLANG_WARN__EXIT_TIME_DESTRUCTORS = YES;
				GCC_PRECOMPILE_PREFIX_HEADER = YES;
				GCC_PREFIX_HEADER = "SSAppURLsExample/SSAppURLsExample-Prefix.pch";
				GCC_TREAT_IMPLICIT_FUNCTION_DECLARATIONS_AS_ERRORS = YES;
				GCC_TREAT_INCOMPATIBLE_POINTER_TYPE_WARNINGS_AS_ERRORS = YES;
				GCC_WARN_64_TO_32_BIT_CONVERSION = YES;
				GCC_WARN_ABOUT_MISSING_FIELD_INITIALIZERS = YES;
				GCC_WARN_ABOUT_MISSING_NEWLINE = YES;
				GCC_WARN_ABOUT_MISSING_PROTOTYPES = YES;
				GCC_WARN_FOUR_CHARACTER_CONSTANTS = YES;
				GCC_WARN_HIDDEN_VIRTUAL_FUNCTIONS = YES;
				GCC_WARN_INITIALIZER_NOT_FULLY_BRACKETED = YES;
				GCC_WARN_MULTIPLE_DEFINITION_TYPES_FOR_SELECTOR = YES;
				GCC_WARN_NON_VIRTUAL_DESTRUCTOR = YES;
				GCC_WARN_SHADOW = YES;
				GCC_WARN_SIGN_COMPARE = YES;
				GCC_WARN_STRICT_SELECTOR_MATCH = YES;
				GCC_WARN_UNDECLARED_SELECTOR = YES;
				GCC_WARN_UNKNOWN_PRAGMAS = YES;
				GCC_WARN_UNUSED_FUNCTION = YES;
				GCC_WARN_UNUSED_LABEL = YES;
				INFOPLIST_FILE = "SSAppURLsExample/SSAppURLsExample-Info.plist";
				PRODUCT_NAME = "$(TARGET_NAME)";
				RUN_CLANG_STATIC_ANALYZER = YES;
				WRAPPER_EXTENSION = app;
			};
			name = Release;
		};
		5E98112C19625B3000195303 /* Debug */ = {
			isa = XCBuildConfiguration;
			baseConfigurationReference = 2FEB18A9D55A4EB28C8C9590 /* Pods-SSAppURLsTests.xcconfig */;
			buildSettings = {
				BUNDLE_LOADER = "$(BUILT_PRODUCTS_DIR)/SSAppURLsExample.app/SSAppURLsExample";
				CLANG_ENABLE_MODULES = YES;
				CLANG_WARN_BOOL_CONVERSION = YES;
				CLANG_WARN_DIRECT_OBJC_ISA_USAGE = YES_ERROR;
				CLANG_WARN_OBJC_ROOT_CLASS = YES_ERROR;
				FRAMEWORK_SEARCH_PATHS = (
					"$(SDKROOT)/Developer/Library/Frameworks",
					"$(inherited)",
					"$(DEVELOPER_FRAMEWORKS_DIR)",
				);
				GCC_PRECOMPILE_PREFIX_HEADER = YES;
				GCC_PREFIX_HEADER = "SSAppURLsTests/SSAppURLsTests-Prefix.pch";
				GCC_PREPROCESSOR_DEFINITIONS = (
					"DEBUG=1",
					"$(inherited)",
				);
				GCC_WARN_64_TO_32_BIT_CONVERSION = YES;
				GCC_WARN_ABOUT_RETURN_TYPE = YES_ERROR;
				GCC_WARN_UNDECLARED_SELECTOR = YES;
				GCC_WARN_UNINITIALIZED_AUTOS = YES_AGGRESSIVE;
				GCC_WARN_UNUSED_FUNCTION = YES;
				INFOPLIST_FILE = "SSAppURLsTests/SSAppURLsTests-Info.plist";
				IPHONEOS_DEPLOYMENT_TARGET = 7.1;
				PRODUCT_NAME = "$(TARGET_NAME)";
				TEST_HOST = "$(BUNDLE_LOADER)";
				WRAPPER_EXTENSION = xctest;
			};
			name = Debug;
		};
		5E98112D19625B3000195303 /* Release */ = {
			isa = XCBuildConfiguration;
			baseConfigurationReference = 2FEB18A9D55A4EB28C8C9590 /* Pods-SSAppURLsTests.xcconfig */;
			buildSettings = {
				BUNDLE_LOADER = "$(BUILT_PRODUCTS_DIR)/SSAppURLsExample.app/SSAppURLsExample";
				CLANG_ENABLE_MODULES = YES;
				CLANG_WARN_BOOL_CONVERSION = YES;
				CLANG_WARN_DIRECT_OBJC_ISA_USAGE = YES_ERROR;
				CLANG_WARN_OBJC_ROOT_CLASS = YES_ERROR;
				ENABLE_NS_ASSERTIONS = NO;
				FRAMEWORK_SEARCH_PATHS = (
					"$(SDKROOT)/Developer/Library/Frameworks",
					"$(inherited)",
					"$(DEVELOPER_FRAMEWORKS_DIR)",
				);
				GCC_PRECOMPILE_PREFIX_HEADER = YES;
				GCC_PREFIX_HEADER = "SSAppURLsTests/SSAppURLsTests-Prefix.pch";
				GCC_WARN_64_TO_32_BIT_CONVERSION = YES;
				GCC_WARN_ABOUT_RETURN_TYPE = YES_ERROR;
				GCC_WARN_UNDECLARED_SELECTOR = YES;
				GCC_WARN_UNINITIALIZED_AUTOS = YES_AGGRESSIVE;
				GCC_WARN_UNUSED_FUNCTION = YES;
				INFOPLIST_FILE = "SSAppURLsTests/SSAppURLsTests-Info.plist";
				IPHONEOS_DEPLOYMENT_TARGET = 7.1;
				PRODUCT_NAME = "$(TARGET_NAME)";
				TEST_HOST = "$(BUNDLE_LOADER)";
				WRAPPER_EXTENSION = xctest;
			};
			name = Release;
		};
/* End XCBuildConfiguration section */

/* Begin XCConfigurationList section */
		5E942B6E17CAA5B700D24A65 /* Build configuration list for PBXProject "SSAppURLsExample" */ = {
			isa = XCConfigurationList;
			buildConfigurations = (
				5E942B9717CAA5B700D24A65 /* Debug */,
				5E942B9817CAA5B700D24A65 /* Release */,
			);
			defaultConfigurationIsVisible = 0;
			defaultConfigurationName = Release;
		};
		5E942B9917CAA5B700D24A65 /* Build configuration list for PBXNativeTarget "SSAppURLsExample" */ = {
			isa = XCConfigurationList;
			buildConfigurations = (
				5E942B9A17CAA5B700D24A65 /* Debug */,
				5E942B9B17CAA5B700D24A65 /* Release */,
			);
			defaultConfigurationIsVisible = 0;
			defaultConfigurationName = Release;
		};
		5E98112E19625B3000195303 /* Build configuration list for PBXNativeTarget "SSAppURLsTests" */ = {
			isa = XCConfigurationList;
			buildConfigurations = (
				5E98112C19625B3000195303 /* Debug */,
				5E98112D19625B3000195303 /* Release */,
			);
			defaultConfigurationIsVisible = 0;
			defaultConfigurationName = Release;
		};
/* End XCConfigurationList section */
	};
	rootObject = 5E942B6B17CAA5B700D24A65 /* Project object */;
}
